lockfileVersion: 5.3

specifiers:
  draft-convert: ^2.1.12
  typescript: ^4.5.5

dependencies:
  draft-convert: 2.1.12

devDependencies:
  typescript: 4.5.5

packages:

  /@babel/runtime/7.16.7:
    resolution: {integrity: sha512-9E9FJowqAsytyOY6LG+1KuueckRL+aQW+mKvXRXnuFGyRAyepJPmEo9vgMfXUA6O9u3IeEdv9MAkppFcaQwogQ==}
    engines: {node: '>=6.9.0'}
    dependencies:
      regenerator-runtime: 0.13.9
    dev: false

  /draft-convert/2.1.12:
    resolution: {integrity: sha512-6Bt338J+ZA00OLlzHipd0ZcQCCrVEM0vCyXb/eDlLdY89mmQ4XWkflSD9vql8TzVJ5ENk4s8cywMO9YTaTnZyg==}
    peerDependencies:
      draft-js: '>=0.7.0'
      react: ^15.0.2 || ^16.0.0-rc || ^16.0.0 || ^17.0.0
      react-dom: ^15.0.2 || ^16.0.0-rc || ^16.0.0 || ^17.0.0
    dependencies:
      '@babel/runtime': 7.16.7
      immutable: 3.7.6
      invariant: 2.2.4
    dev: false

  /immutable/3.7.6:
    resolution: {integrity: sha1-E7TTyxK++hVIKib+Gy665kAHHks=}
    engines: {node: '>=0.8.0'}
    dev: false

  /invariant/2.2.4:
    resolution: {integrity: sha512-phJfQVBuaJM5raOpJjSfkiD6BpbCE4Ns//LaXl6wGYtUBY83nWS6Rf9tXm2e8VaK60JEjYldbPif/A2B1C2gNA==}
    dependencies:
      loose-envify: 1.4.0
    dev: false

  /js-tokens/4.0.0:
    resolution: {integrity: sha512-RdJUflcE3cUzKiMqQgsCu06FPu9UdIJO0beYbPhHN4k6apgJtifcoCtT9bcxOpYBtpD2kCM6Sbzg4CausW/PKQ==}
    dev: false

  /loose-envify/1.4.0:
    resolution: {integrity: sha512-lyuxPGr/Wfhrlem2CL/UcnUc1zcqKAImBDzukY7Y5F/yQiNdko6+fRLevlw1HgMySw7f611UIY408EtxRSoK3Q==}
    hasBin: true
    dependencies:
      js-tokens: 4.0.0
    dev: false

  /regenerator-runtime/0.13.9:
    resolution: {integrity: sha512-p3VT+cOEgxFsRRA9X4lkI1E+k2/CtnKtU4gcxyaCUreilL/vqI6CdZ3wxVUx3UOUg+gnUOQQcRI7BmSI656MYA==}
    dev: false

  /typescript/4.5.5:
    resolution: {integrity: sha512-TCTIul70LyWe6IJWT8QSYeA54WQe8EjQFU4wY52Fasj5UKx88LNYKCgBEHcOMOrFF1rKGbD8v/xcNWVUq9SymA==, tarball: typescript/download/typescript-4.5.5.tgz}
    engines: {node: '>=4.2.0'}
    hasBin: true
    dev: true
