lockfileVersion: 5.3

specifiers:
  '@kedao/convert': workspace:*
  draftjs-utils: ^0.10.2
  immutable: ^4.0.0

dependencies:
  '@kedao/convert': link:../convert
  draftjs-utils: 0.10.2_immutable@4.0.0
  immutable: 4.0.0

packages:

  /draftjs-utils/0.10.2_immutable@4.0.0:
    resolution: {integrity: sha512-EstHqr3R3JVcilJrBaO/A+01GvwwKmC7e4TCjC7S94ZeMh4IVmf60OuQXtHHpwItK8C2JCi3iljgN5KHkJboUg==}
    peerDependencies:
      draft-js: ^0.11.x
      immutable: 3.x.x || 4.x.x
    dependencies:
      immutable: 4.0.0
    dev: false

  /immutable/4.0.0:
    resolution: {integrity: sha512-zIE9hX70qew5qTUjSS7wi1iwj/l7+m54KWU247nhM3v806UdGj1yDndXj+IOYxxtW9zyLI+xqFNZjTuDaLUqFw==}
    dev: false
